
Microsoft Visual Studio Solution File, Format Version 12.00
# Visual Studio Version 17
VisualStudioVersion = 17.3.32708.82
MinimumVisualStudioVersion = 10.0.40219.1
Project("{9A19103F-16F7-4668-BE54-9A1E7A4F7556}") = "ContractsAndJobs", "ContractsAndJobs\ContractsAndJobs.csproj", "{D0C9F374-AB72-49BE-844E-5CD41B7229FF}"
EndProject
Project("{9A19103F-16F7-4668-BE54-9A1E7A4F7556}") = "ContractsAndJobs.ViewModels", "ContractsAndJobs.ViewModels\ContractsAndJobs.ViewModels.csproj", "{DE0727F9-FAF6-4C86-ACE2-AB0B74EE1E29}"
EndProject
Project("{9A19103F-16F7-4668-BE54-9A1E7A4F7556}") = "ContractsAndJobs.Models", "ContractsAndJobs.Models\ContractsAndJobs.Models.csproj", "{9A57CCDD-3608-4E04-8575-C5E69AF87A18}"
EndProject
Project("{9A19103F-16F7-4668-BE54-9A1E7A4F7556}") = "ContractsAndJobs.Data", "ContractsAndJobs.Data\ContractsAndJobs.Data.csproj", "{7DDD735C-56AE-4F64-8324-9D573ADD89E4}"
EndProject
Global
	GlobalSection(SolutionConfigurationPlatforms) = preSolution
		Debug|Any CPU = Debug|Any CPU
		Release|Any CPU = Release|Any CPU
	EndGlobalSection
	GlobalSection(ProjectConfigurationPlatforms) = postSolution
		{D0C9F374-AB72-49BE-844E-5CD41B7229FF}.Debug|Any CPU.ActiveCfg = Debug|Any CPU
		{D0C9F374-AB72-49BE-844E-5CD41B7229FF}.Debug|Any CPU.Build.0 = Debug|Any CPU
		{D0C9F374-AB72-49BE-844E-5CD41B7229FF}.Release|Any CPU.ActiveCfg = Release|Any CPU
		{D0C9F374-AB72-49BE-844E-5CD41B7229FF}.Release|Any CPU.Build.0 = Release|Any CPU
		{DE0727F9-FAF6-4C86-ACE2-AB0B74EE1E29}.Debug|Any CPU.ActiveCfg = Debug|Any CPU
		{DE0727F9-FAF6-4C86-ACE2-AB0B74EE1E29}.Debug|Any CPU.Build.0 = Debug|Any CPU
		{DE0727F9-FAF6-4C86-ACE2-AB0B74EE1E29}.Release|Any CPU.ActiveCfg = Release|Any CPU
		{DE0727F9-FAF6-4C86-ACE2-AB0B74EE1E29}.Release|Any CPU.Build.0 = Release|Any CPU
		{9A57CCDD-3608-4E04-8575-C5E69AF87A18}.Debug|Any CPU.ActiveCfg = Debug|Any CPU
		{9A57CCDD-3608-4E04-8575-C5E69AF87A18}.Debug|Any CPU.Build.0 = Debug|Any CPU
		{9A57CCDD-3608-4E04-8575-C5E69AF87A18}.Release|Any CPU.ActiveCfg = Release|Any CPU
		{9A57CCDD-3608-4E04-8575-C5E69AF87A18}.Release|Any CPU.Build.0 = Release|Any CPU
		{7DDD735C-56AE-4F64-8324-9D573ADD89E4}.Debug|Any CPU.ActiveCfg = Debug|Any CPU
		{7DDD735C-56AE-4F64-8324-9D573ADD89E4}.Debug|Any CPU.Build.0 = Debug|Any CPU
		{7DDD735C-56AE-4F64-8324-9D573ADD89E4}.Release|Any CPU.ActiveCfg = Release|Any CPU
		{7DDD735C-56AE-4F64-8324-9D573ADD89E4}.Release|Any CPU.Build.0 = Release|Any CPU
	EndGlobalSection
	GlobalSection(SolutionProperties) = preSolution
		HideSolutionNode = FALSE
	EndGlobalSection
	GlobalSection(ExtensibilityGlobals) = postSolution
		SolutionGuid = {6DE53BBC-086E-4E49-865B-BDA61D012F89}
	EndGlobalSection
EndGlobal
